
Microsoft Visual Studio Solution File, Format Version 12.00
# Visual Studio Version 17
VisualStudioVersion = 17.0.31919.166
MinimumVisualStudioVersion = 10.0.40219.1
Project("{8BC9CEB8-8B4A-11D0-8D11-00A0C91BC942}") = "Victim Process", "Victim Process\Victim Process.vcxproj", "{CEC28E83-9DFA-4D37-9B08-2CF4C2CE0A6F}"
EndProject
Project("{8BC9CEB8-8B4A-11D0-8D11-00A0C91BC942}") = "Attacker Read", "Attacker Read\Attacker Read.vcxproj", "{8054ECB7-9C72-4821-AB30-949AD7BCE742}"
EndProject
Project("{8BC9CEB8-8B4A-11D0-8D11-00A0C91BC942}") = "Attacker Write", "Attacker Write\Attacker Write.vcxproj", "{5CE0D55C-9827-4A60-AEF2-DE4768B38846}"
EndProject
Project("{8BC9CEB8-8B4A-11D0-8D11-00A0C91BC942}") = "Attacker RW", "Attacker RW\Attacker RW.vcxproj", "{EAF4DD74-916D-475D-A7DE-BB1B7AB48E33}"
EndProject
Global
	GlobalSection(SolutionConfigurationPlatforms) = preSolution
		Debug|x64 = Debug|x64
		Debug|x86 = Debug|x86
		Release|x64 = Release|x64
		Release|x86 = Release|x86
	EndGlobalSection
	GlobalSection(ProjectConfigurationPlatforms) = postSolution
		{CEC28E83-9DFA-4D37-9B08-2CF4C2CE0A6F}.Debug|x64.ActiveCfg = Debug|x64
		{CEC28E83-9DFA-4D37-9B08-2CF4C2CE0A6F}.Debug|x64.Build.0 = Debug|x64
		{CEC28E83-9DFA-4D37-9B08-2CF4C2CE0A6F}.Debug|x86.ActiveCfg = Debug|Win32
		{CEC28E83-9DFA-4D37-9B08-2CF4C2CE0A6F}.Debug|x86.Build.0 = Debug|Win32
		{CEC28E83-9DFA-4D37-9B08-2CF4C2CE0A6F}.Release|x64.ActiveCfg = Release|x64
		{CEC28E83-9DFA-4D37-9B08-2CF4C2CE0A6F}.Release|x64.Build.0 = Release|x64
		{CEC28E83-9DFA-4D37-9B08-2CF4C2CE0A6F}.Release|x86.ActiveCfg = Release|Win32
		{CEC28E83-9DFA-4D37-9B08-2CF4C2CE0A6F}.Release|x86.Build.0 = Release|Win32
		{8054ECB7-9C72-4821-AB30-949AD7BCE742}.Debug|x64.ActiveCfg = Debug|x64
		{8054ECB7-9C72-4821-AB30-949AD7BCE742}.Debug|x64.Build.0 = Debug|x64
		{8054ECB7-9C72-4821-AB30-949AD7BCE742}.Debug|x86.ActiveCfg = Debug|Win32
		{8054ECB7-9C72-4821-AB30-949AD7BCE742}.Debug|x86.Build.0 = Debug|Win32
		{8054ECB7-9C72-4821-AB30-949AD7BCE742}.Release|x64.ActiveCfg = Release|x64
		{8054ECB7-9C72-4821-AB30-949AD7BCE742}.Release|x64.Build.0 = Release|x64
		{8054ECB7-9C72-4821-AB30-949AD7BCE742}.Release|x86.ActiveCfg = Release|Win32
		{8054ECB7-9C72-4821-AB30-949AD7BCE742}.Release|x86.Build.0 = Release|Win32
		{5CE0D55C-9827-4A60-AEF2-DE4768B38846}.Debug|x64.ActiveCfg = Debug|x64
		{5CE0D55C-9827-4A60-AEF2-DE4768B38846}.Debug|x64.Build.0 = Debug|x64
		{5CE0D55C-9827-4A60-AEF2-DE4768B38846}.Debug|x86.ActiveCfg = Debug|Win32
		{5CE0D55C-9827-4A60-AEF2-DE4768B38846}.Debug|x86.Build.0 = Debug|Win32
		{5CE0D55C-9827-4A60-AEF2-DE4768B38846}.Release|x64.ActiveCfg = Release|x64
		{5CE0D55C-9827-4A60-AEF2-DE4768B38846}.Release|x64.Build.0 = Release|x64
		{5CE0D55C-9827-4A60-AEF2-DE4768B38846}.Release|x86.ActiveCfg = Release|Win32
		{5CE0D55C-9827-4A60-AEF2-DE4768B38846}.Release|x86.Build.0 = Release|Win32
		{EAF4DD74-916D-475D-A7DE-BB1B7AB48E33}.Debug|x64.ActiveCfg = Debug|x64
		{EAF4DD74-916D-475D-A7DE-BB1B7AB48E33}.Debug|x64.Build.0 = Debug|x64
		{EAF4DD74-916D-475D-A7DE-BB1B7AB48E33}.Debug|x86.ActiveCfg = Debug|Win32
		{EAF4DD74-916D-475D-A7DE-BB1B7AB48E33}.Debug|x86.Build.0 = Debug|Win32
		{EAF4DD74-916D-475D-A7DE-BB1B7AB48E33}.Release|x64.ActiveCfg = Release|x64
		{EAF4DD74-916D-475D-A7DE-BB1B7AB48E33}.Release|x64.Build.0 = Release|x64
		{EAF4DD74-916D-475D-A7DE-BB1B7AB48E33}.Release|x86.ActiveCfg = Release|Win32
		{EAF4DD74-916D-475D-A7DE-BB1B7AB48E33}.Release|x86.Build.0 = Release|Win32
	EndGlobalSection
	GlobalSection(SolutionProperties) = preSolution
		HideSolutionNode = FALSE
	EndGlobalSection
	GlobalSection(ExtensibilityGlobals) = postSolution
		SolutionGuid = {7CE00DC6-C859-4891-9D58-4E3019F2E9DD}
	EndGlobalSection
EndGlobal
